
Microsoft Visual Studio Solution File, Format Version 12.00
# Visual Studio Version 16
VisualStudioVersion = 16.0.29613.14
MinimumVisualStudioVersion = 10.0.40219.1
Project("{FAE04EC0-301F-11D3-BF4B-00C04F79EFBC}") = "costing_project_web_service", "costing_project_web_service\costing_project_web_service.csproj", "{3775DDF2-85CE-416F-95EF-8E796DC44BA1}"
EndProject
Global
	GlobalSection(SolutionConfigurationPlatforms) = preSolution
		Debug|Any CPU = Debug|Any CPU
		Release|Any CPU = Release|Any CPU
	EndGlobalSection
	GlobalSection(ProjectConfigurationPlatforms) = postSolution
		{3775DDF2-85CE-416F-95EF-8E796DC44BA1}.Debug|Any CPU.ActiveCfg = Debug|Any CPU
		{3775DDF2-85CE-416F-95EF-8E796DC44BA1}.Debug|Any CPU.Build.0 = Debug|Any CPU
		{3775DDF2-85CE-416F-95EF-8E796DC44BA1}.Release|Any CPU.ActiveCfg = Release|Any CPU
		{3775DDF2-85CE-416F-95EF-8E796DC44BA1}.Release|Any CPU.Build.0 = Release|Any CPU
	EndGlobalSection
	GlobalSection(SolutionProperties) = preSolution
		HideSolutionNode = FALSE
	EndGlobalSection
	GlobalSection(ExtensibilityGlobals) = postSolution
		SolutionGuid = {0135A2F4-818B-45CC-807B-F6D396C0D12C}
	EndGlobalSection
EndGlobal
